// !$*UTF8*$!
{
	archiveVersion = 1;
	classes = {
	};
	objectVersion = 51;
	objects = {

/* Begin PBXBuildFile section */
		0448D28F2503F49F00F1611A /* Todo.swift in Sources */ = {isa = PBXBuildFile; fileRef = 0448D28E2503F49F00F1611A /* Todo.swift */; };
		0448D2912503FE0300F1611A /* AddTodo.swift in Sources */ = {isa = PBXBuildFile; fileRef = 0448D2902503FE0300F1611A /* AddTodo.swift */; };
		0448D2932505844400F1611A /* ListCell.swift in Sources */ = {isa = PBXBuildFile; fileRef = 0448D2922505844400F1611A /* ListCell.swift */; };
		04B7B87A25038D7D00F08176 /* AppDelegate.swift in Sources */ = {isa = PBXBuildFile; fileRef = 04B7B87925038D7D00F08176 /* AppDelegate.swift */; };
		04B7B87C25038D7D00F08176 /* SceneDelegate.swift in Sources */ = {isa = PBXBuildFile; fileRef = 04B7B87B25038D7D00F08176 /* SceneDelegate.swift */; };
		04B7B87E25038D7D00F08176 /* MainPage.swift in Sources */ = {isa = PBXBuildFile; fileRef = 04B7B87D25038D7D00F08176 /* MainPage.swift */; };
		04B7B88125038D7D00F08176 /* Main.storyboard in Resources */ = {isa = PBXBuildFile; fileRef = 04B7B87F25038D7D00F08176 /* Main.storyboard */; };
		04B7B88325038D8100F08176 /* Assets.xcassets in Resources */ = {isa = PBXBuildFile; fileRef = 04B7B88225038D8100F08176 /* Assets.xcassets */; };
		04B7B88625038D8100F08176 /* LaunchScreen.storyboard in Resources */ = {isa = PBXBuildFile; fileRef = 04B7B88425038D8100F08176 /* LaunchScreen.storyboard */; };
		04B7B89125038D8100F08176 /* TodoListTests.swift in Sources */ = {isa = PBXBuildFile; fileRef = 04B7B89025038D8100F08176 /* TodoListTests.swift */; };
		04B7B89D250393E400F08176 /* LoginBtn.swift in Sources */ = {isa = PBXBuildFile; fileRef = 04B7B89C250393E400F08176 /* LoginBtn.swift */; };
		04CEF8EB2503A208002AF134 /* List.swift in Sources */ = {isa = PBXBuildFile; fileRef = 04CEF8EA2503A208002AF134 /* List.swift */; };
		46BEA893DBC7B78CF0291A14 /* Pods_TodoList.framework in Frameworks */ = {isa = PBXBuildFile; fileRef = 7310CFA3C68B148E271D7455 /* Pods_TodoList.framework */; };
/* End PBXBuildFile section */

/* Begin PBXContainerItemProxy section */
		04B7B88D25038D8100F08176 /* PBXContainerItemProxy */ = {
			isa = PBXContainerItemProxy;
			containerPortal = 04B7B86E25038D7D00F08176 /* Project object */;
			proxyType = 1;
			remoteGlobalIDString = 04B7B87525038D7D00F08176;
			remoteInfo = TodoList;
		};
/* End PBXContainerItemProxy section */

/* Begin PBXFileReference section */
		0448D28E2503F49F00F1611A /* Todo.swift */ = {isa = PBXFileReference; lastKnownFileType = sourcecode.swift; path = Todo.swift; sourceTree = "<group>"; };
		0448D2902503FE0300F1611A /* AddTodo.swift */ = {isa = PBXFileReference; lastKnownFileType = sourcecode.swift; path = AddTodo.swift; sourceTree = "<group>"; };
		0448D2922505844400F1611A /* ListCell.swift */ = {isa = PBXFileReference; lastKnownFileType = sourcecode.swift; path = ListCell.swift; sourceTree = "<group>"; };
		04B7B87625038D7D00F08176 /* TodoList.app */ = {isa = PBXFileReference; explicitFileType = wrapper.application; includeInIndex = 0; path = TodoList.app; sourceTree = BUILT_PRODUCTS_DIR; };
		04B7B87925038D7D00F08176 /* AppDelegate.swift */ = {isa = PBXFileReference; lastKnownFileType = sourcecode.swift; path = AppDelegate.swift; sourceTree = "<group>"; };
		04B7B87B25038D7D00F08176 /* SceneDelegate.swift */ = {isa = PBXFileReference; lastKnownFileType = sourcecode.swift; path = SceneDelegate.swift; sourceTree = "<group>"; };
		04B7B87D25038D7D00F08176 /* MainPage.swift */ = {isa = PBXFileReference; lastKnownFileType = sourcecode.swift; path = MainPage.swift; sourceTree = "<group>"; };
		04B7B88025038D7D00F08176 /* Base */ = {isa = PBXFileReference; lastKnownFileType = file.storyboard; name = Base; path = Base.lproj/Main.storyboard; sourceTree = "<group>"; };
		04B7B88225038D8100F08176 /* Assets.xcassets */ = {isa = PBXFileReference; lastKnownFileType = folder.assetcatalog; path = Assets.xcassets; sourceTree = "<group>"; };
		04B7B88525038D8100F08176 /* Base */ = {isa = PBXFileReference; lastKnownFileType = file.storyboard; name = Base; path = Base.lproj/LaunchScreen.storyboard; sourceTree = "<group>"; };
		04B7B88725038D8100F08176 /* Info.plist */ = {isa = PBXFileReference; lastKnownFileType = text.plist.xml; path = Info.plist; sourceTree = "<group>"; };
		04B7B88C25038D8100F08176 /* TodoListTests.xctest */ = {isa = PBXFileReference; explicitFileType = wrapper.cfbundle; includeInIndex = 0; path = TodoListTests.xctest; sourceTree = BUILT_PRODUCTS_DIR; };
		04B7B89025038D8100F08176 /* TodoListTests.swift */ = {isa = PBXFileReference; lastKnownFileType = sourcecode.swift; path = TodoListTests.swift; sourceTree = "<group>"; };
		04B7B89225038D8100F08176 /* Info.plist */ = {isa = PBXFileReference; lastKnownFileType = text.plist.xml; path = Info.plist; sourceTree = "<group>"; };
		04B7B89C250393E400F08176 /* LoginBtn.swift */ = {isa = PBXFileReference; lastKnownFileType = sourcecode.swift; path = LoginBtn.swift; sourceTree = "<group>"; };
		04CEF8EA2503A208002AF134 /* List.swift */ = {isa = PBXFileReference; lastKnownFileType = sourcecode.swift; path = List.swift; sourceTree = "<group>"; };
		238951522297900688CC543D /* Pods-TodoList.release.xcconfig */ = {isa = PBXFileReference; includeInIndex = 1; lastKnownFileType = text.xcconfig; name = "Pods-TodoList.release.xcconfig"; path = "Target Support Files/Pods-TodoList/Pods-TodoList.release.xcconfig"; sourceTree = "<group>"; };
		61D354AA4F1BEB975DD9156D /* Pods-TodoList.debug.xcconfig */ = {isa = PBXFileReference; includeInIndex = 1; lastKnownFileType = text.xcconfig; name = "Pods-TodoList.debug.xcconfig"; path = "Target Support Files/Pods-TodoList/Pods-TodoList.debug.xcconfig"; sourceTree = "<group>"; };
		7310CFA3C68B148E271D7455 /* Pods_TodoList.framework */ = {isa = PBXFileReference; explicitFileType = wrapper.framework; includeInIndex = 0; path = Pods_TodoList.framework; sourceTree = BUILT_PRODUCTS_DIR; };
/* End PBXFileReference section */

/* Begin PBXFrameworksBuildPhase section */
		04B7B87325038D7D00F08176 /* Frameworks */ = {
			isa = PBXFrameworksBuildPhase;
			buildActionMask = 2147483647;
			files = (
				46BEA893DBC7B78CF0291A14 /* Pods_TodoList.framework in Frameworks */,
			);
			runOnlyForDeploymentPostprocessing = 0;
		};
		04B7B88925038D8100F08176 /* Frameworks */ = {
			isa = PBXFrameworksBuildPhase;
			buildActionMask = 2147483647;
			files = (
			);
			runOnlyForDeploymentPostprocessing = 0;
		};
/* End PBXFrameworksBuildPhase section */

/* Begin PBXGroup section */
		0448D28D2503F49000F1611A /* Models */ = {
			isa = PBXGroup;
			children = (
				0448D28E2503F49F00F1611A /* Todo.swift */,
			);
			path = Models;
			sourceTree = "<group>";
		};
		04B7B86D25038D7D00F08176 = {
			isa = PBXGroup;
			children = (
				04B7B87825038D7D00F08176 /* TodoList */,
				04B7B88F25038D8100F08176 /* TodoListTests */,
				04B7B87725038D7D00F08176 /* Products */,
				A6D8E274445E760EDF941DC6 /* Pods */,
				D8E5AB70C16587CF2ACFA827 /* Frameworks */,
			);
			sourceTree = "<group>";
		};
		04B7B87725038D7D00F08176 /* Products */ = {
			isa = PBXGroup;
			children = (
				04B7B87625038D7D00F08176 /* TodoList.app */,
				04B7B88C25038D8100F08176 /* TodoListTests.xctest */,
			);
			name = Products;
			sourceTree = "<group>";
		};
		04B7B87825038D7D00F08176 /* TodoList */ = {
			isa = PBXGroup;
			children = (
				0448D28D2503F49000F1611A /* Models */,
				04CEF8E92503A1EF002AF134 /* Screens */,
				04B7B89B250393C400F08176 /* Components */,
				04B7B87925038D7D00F08176 /* AppDelegate.swift */,
				04B7B87B25038D7D00F08176 /* SceneDelegate.swift */,
				04B7B87F25038D7D00F08176 /* Main.storyboard */,
				04B7B88225038D8100F08176 /* Assets.xcassets */,
				04B7B88425038D8100F08176 /* LaunchScreen.storyboard */,
				04B7B88725038D8100F08176 /* Info.plist */,
			);
			path = TodoList;
			sourceTree = "<group>";
		};
		04B7B88F25038D8100F08176 /* TodoListTests */ = {
			isa = PBXGroup;
			children = (
				04B7B89025038D8100F08176 /* TodoListTests.swift */,
				04B7B89225038D8100F08176 /* Info.plist */,
			);
			path = TodoListTests;
			sourceTree = "<group>";
		};
		04B7B89B250393C400F08176 /* Components */ = {
			isa = PBXGroup;
			children = (
				04B7B89C250393E400F08176 /* LoginBtn.swift */,
				0448D2922505844400F1611A /* ListCell.swift */,
			);
			path = Components;
			sourceTree = "<group>";
		};
		04CEF8E92503A1EF002AF134 /* Screens */ = {
			isa = PBXGroup;
			children = (
				04B7B87D25038D7D00F08176 /* MainPage.swift */,
				04CEF8EA2503A208002AF134 /* List.swift */,
				0448D2902503FE0300F1611A /* AddTodo.swift */,
			);
			path = Screens;
			sourceTree = "<group>";
		};
		A6D8E274445E760EDF941DC6 /* Pods */ = {
			isa = PBXGroup;
			children = (
				61D354AA4F1BEB975DD9156D /* Pods-TodoList.debug.xcconfig */,
				238951522297900688CC543D /* Pods-TodoList.release.xcconfig */,
			);
			path = Pods;
			sourceTree = "<group>";
		};
		D8E5AB70C16587CF2ACFA827 /* Frameworks */ = {
			isa = PBXGroup;
			children = (
				7310CFA3C68B148E271D7455 /* Pods_TodoList.framework */,
			);
			name = Frameworks;
			sourceTree = "<group>";
		};
/* End PBXGroup section */

/* Begin PBXNativeTarget section */
		04B7B87525038D7D00F08176 /* TodoList */ = {
			isa = PBXNativeTarget;
			buildConfigurationList = 04B7B89525038D8100F08176 /* Build configuration list for PBXNativeTarget "TodoList" */;
			buildPhases = (
				507C31E3B8E2C379F16D7227 /* [CP] Check Pods Manifest.lock */,
				04B7B87225038D7D00F08176 /* Sources */,
				04B7B87325038D7D00F08176 /* Frameworks */,
				04B7B87425038D7D00F08176 /* Resources */,
				527B999D7A1ECE36FC707672 /* [CP] Embed Pods Frameworks */,
			);
			buildRules = (
			);
			dependencies = (
			);
			name = TodoList;
			productName = TodoList;
			productReference = 04B7B87625038D7D00F08176 /* TodoList.app */;
			productType = "com.apple.product-type.application";
		};
		04B7B88B25038D8100F08176 /* TodoListTests */ = {
			isa = PBXNativeTarget;
			buildConfigurationList = 04B7B89825038D8100F08176 /* Build configuration list for PBXNativeTarget "TodoListTests" */;
			buildPhases = (
				04B7B88825038D8100F08176 /* Sources */,
				04B7B88925038D8100F08176 /* Frameworks */,
				04B7B88A25038D8100F08176 /* Resources */,
			);
			buildRules = (
			);
			dependencies = (
				04B7B88E25038D8100F08176 /* PBXTargetDependency */,
			);
			name = TodoListTests;
			productName = TodoListTests;
			productReference = 04B7B88C25038D8100F08176 /* TodoListTests.xctest */;
			productType = "com.apple.product-type.bundle.unit-test";
		};
/* End PBXNativeTarget section */

/* Begin PBXProject section */
		04B7B86E25038D7D00F08176 /* Project object */ = {
			isa = PBXProject;
			attributes = {
				LastSwiftUpdateCheck = 1140;
				LastUpgradeCheck = 1140;
				ORGANIZATIONNAME = Mac;
				TargetAttributes = {
					04B7B87525038D7D00F08176 = {
						CreatedOnToolsVersion = 11.4.1;
					};
					04B7B88B25038D8100F08176 = {
						CreatedOnToolsVersion = 11.4.1;
						TestTargetID = 04B7B87525038D7D00F08176;
					};
				};
			};
			buildConfigurationList = 04B7B87125038D7D00F08176 /* Build configuration list for PBXProject "TodoList" */;
			compatibilityVersion = "Xcode 9.3";
			developmentRegion = en;
			hasScannedForEncodings = 0;
			knownRegions = (
				en,
				Base,
			);
			mainGroup = 04B7B86D25038D7D00F08176;
			productRefGroup = 04B7B87725038D7D00F08176 /* Products */;
			projectDirPath = "";
			projectRoot = "";
			targets = (
				04B7B87525038D7D00F08176 /* TodoList */,
				04B7B88B25038D8100F08176 /* TodoListTests */,
			);
		};
/* End PBXProject section */

/* Begin PBXResourcesBuildPhase section */
		04B7B87425038D7D00F08176 /* Resources */ = {
			isa = PBXResourcesBuildPhase;
			buildActionMask = 2147483647;
			files = (
				04B7B88625038D8100F08176 /* LaunchScreen.storyboard in Resources */,
				04B7B88325038D8100F08176 /* Assets.xcassets in Resources */,
				04B7B88125038D7D00F08176 /* Main.storyboard in Resources */,
			);
			runOnlyForDeploymentPostprocessing = 0;
		};
		04B7B88A25038D8100F08176 /* Resources */ = {
			isa = PBXResourcesBuildPhase;
			buildActionMask = 2147483647;
			files = (
			);
			runOnlyForDeploymentPostprocessing = 0;
		};
/* End PBXResourcesBuildPhase section */

/* Begin PBXShellScriptBuildPhase section */
		507C31E3B8E2C379F16D7227 /* [CP] Check Pods Manifest.lock */ = {
			isa = PBXShellScriptBuildPhase;
			buildActionMask = 2147483647;
			files = (
			);
			inputFileListPaths = (
			);
			inputPaths = (
				"${PODS_PODFILE_DIR_PATH}/Podfile.lock",
				"${PODS_ROOT}/Manifest.lock",
			);
			name = "[CP] Check Pods Manifest.lock";
			outputFileListPaths = (
			);
			outputPaths = (
				"$(DERIVED_FILE_DIR)/Pods-TodoList-checkManifestLockResult.txt",
			);
			runOnlyForDeploymentPostprocessing = 0;
			shellPath = /bin/sh;
			shellScript = "diff \"${PODS_PODFILE_DIR_PATH}/Podfile.lock\" \"${PODS_ROOT}/Manifest.lock\" > /dev/null\nif [ $? != 0 ] ; then\n    # print error to STDERR\n    echo \"error: The sandbox is not in sync with the Podfile.lock. Run 'pod install' or update your CocoaPods installation.\" >&2\n    exit 1\nfi\n# This output is used by Xcode 'outputs' to avoid re-running this script phase.\necho \"SUCCESS\" > \"${SCRIPT_OUTPUT_FILE_0}\"\n";
			showEnvVarsInLog = 0;
		};
		527B999D7A1ECE36FC707672 /* [CP] Embed Pods Frameworks */ = {
			isa = PBXShellScriptBuildPhase;
			buildActionMask = 2147483647;
			files = (
			);
			inputFileListPaths = (
				"${PODS_ROOT}/Target Support Files/Pods-TodoList/Pods-TodoList-frameworks-${CONFIGURATION}-input-files.xcfilelist",
			);
			name = "[CP] Embed Pods Frameworks";
			outputFileListPaths = (
				"${PODS_ROOT}/Target Support Files/Pods-TodoList/Pods-TodoList-frameworks-${CONFIGURATION}-output-files.xcfilelist",
			);
			runOnlyForDeploymentPostprocessing = 0;
			shellPath = /bin/sh;
			shellScript = "\"${PODS_ROOT}/Target Support Files/Pods-TodoList/Pods-TodoList-frameworks.sh\"\n";
			showEnvVarsInLog = 0;
		};
/* End PBXShellScriptBuildPhase section */

/* Begin PBXSourcesBuildPhase section */
		04B7B87225038D7D00F08176 /* Sources */ = {
			isa = PBXSourcesBuildPhase;
			buildActionMask = 2147483647;
			files = (
				04B7B87E25038D7D00F08176 /* MainPage.swift in Sources */,
				0448D28F2503F49F00F1611A /* Todo.swift in Sources */,
				0448D2912503FE0300F1611A /* AddTodo.swift in Sources */,
				04B7B87A25038D7D00F08176 /* AppDelegate.swift in Sources */,
				04B7B89D250393E400F08176 /* LoginBtn.swift in Sources */,
				0448D2932505844400F1611A /* ListCell.swift in Sources */,
				04CEF8EB2503A208002AF134 /* List.swift in Sources */,
				04B7B87C25038D7D00F08176 /* SceneDelegate.swift in Sources */,
			);
			runOnlyForDeploymentPostprocessing = 0;
		};
		04B7B88825038D8100F08176 /* Sources */ = {
			isa = PBXSourcesBuildPhase;
			buildActionMask = 2147483647;
			files = (
				04B7B89125038D8100F08176 /* TodoListTests.swift in Sources */,
			);
			runOnlyForDeploymentPostprocessing = 0;
		};
/* End PBXSourcesBuildPhase section */

/* Begin PBXTargetDependency section */
		04B7B88E25038D8100F08176 /* PBXTargetDependency */ = {
			isa = PBXTargetDependency;
			target = 04B7B87525038D7D00F08176 /* TodoList */;
			targetProxy = 04B7B88D25038D8100F08176 /* PBXContainerItemProxy */;
		};
/* End PBXTargetDependency section */

/* Begin PBXVariantGroup section */
		04B7B87F25038D7D00F08176 /* Main.storyboard */ = {
			isa = PBXVariantGroup;
			children = (
				04B7B88025038D7D00F08176 /* Base */,
			);
			name = Main.storyboard;
			sourceTree = "<group>";
		};
		04B7B88425038D8100F08176 /* LaunchScreen.storyboard */ = {
			isa = PBXVariantGroup;
			children = (
				04B7B88525038D8100F08176 /* Base */,
			);
			name = LaunchScreen.storyboard;
			sourceTree = "<group>";
		};
/* End PBXVariantGroup section */

/* Begin XCBuildConfiguration section */
		04B7B89325038D8100F08176 /* Debug */ = {
			isa = XCBuildConfiguration;
			buildSettings = {
				ALWAYS_SEARCH_USER_PATHS = NO;
				CLANG_ANALYZER_NONNULL = YES;
				CLANG_ANALYZER_NUMBER_OBJECT_CONVERSION = YES_AGGRESSIVE;
				CLANG_CXX_LANGUAGE_STANDARD = "gnu++14";
				CLANG_CXX_LIBRARY = "libc++";
				CLANG_ENABLE_MODULES = YES;
				CLANG_ENABLE_OBJC_ARC = YES;
				CLANG_ENABLE_OBJC_WEAK = YES;
				CLANG_WARN_BLOCK_CAPTURE_AUTORELEASING = YES;
				CLANG_WARN_BOOL_CONVERSION = YES;
				CLANG_WARN_COMMA = YES;
				CLANG_WARN_CONSTANT_CONVERSION = YES;
				CLANG_WARN_DEPRECATED_OBJC_IMPLEMENTATIONS = YES;
				CLANG_WARN_DIRECT_OBJC_ISA_USAGE = YES_ERROR;
				CLANG_WARN_DOCUMENTATION_COMMENTS = YES;
				CLANG_WARN_EMPTY_BODY = YES;
				CLANG_WARN_ENUM_CONVERSION = YES;
				CLANG_WARN_INFINITE_RECURSION = YES;
				CLANG_WARN_INT_CONVERSION = YES;
				CLANG_WARN_NON_LITERAL_NULL_CONVERSION = YES;
				CLANG_WARN_OBJC_IMPLICIT_RETAIN_SELF = YES;
				CLANG_WARN_OBJC_LITERAL_CONVERSION = YES;
				CLANG_WARN_OBJC_ROOT_CLASS = YES_ERROR;
				CLANG_WARN_RANGE_LOOP_ANALYSIS = YES;
				CLANG_WARN_STRICT_PROTOTYPES = YES;
				CLANG_WARN_SUSPICIOUS_MOVE = YES;
				CLANG_WARN_UNGUARDED_AVAILABILITY = YES_AGGRESSIVE;
				CLANG_WARN_UNREACHABLE_CODE = YES;
				CLANG_WARN__DUPLICATE_METHOD_MATCH = YES;
				COPY_PHASE_STRIP = NO;
				DEBUG_INFORMATION_FORMAT = dwarf;
				ENABLE_STRICT_OBJC_MSGSEND = YES;
				ENABLE_TESTABILITY = YES;
				GCC_C_LANGUAGE_STANDARD = gnu11;
				GCC_DYNAMIC_NO_PIC = NO;
				GCC_NO_COMMON_BLOCKS = YES;
				GCC_OPTIMIZATION_LEVEL = 0;
				GCC_PREPROCESSOR_DEFINITIONS = (
					"DEBUG=1",
					"$(inherited)",
				);
				GCC_WARN_64_TO_32_BIT_CONVERSION = YES;
				GCC_WARN_ABOUT_RETURN_TYPE = YES_ERROR;
				GCC_WARN_UNDECLARED_SELECTOR = YES;
				GCC_WARN_UNINITIALIZED_AUTOS = YES_AGGRESSIVE;
				GCC_WARN_UNUSED_FUNCTION = YES;
				GCC_WARN_UNUSED_VARIABLE = YES;
				IPHONEOS_DEPLOYMENT_TARGET = 13.4;
				MTL_ENABLE_DEBUG_INFO = INCLUDE_SOURCE;
				MTL_FAST_MATH = YES;
				ONLY_ACTIVE_ARCH = YES;
				SDKROOT = iphoneos;
				SWIFT_ACTIVE_COMPILATION_CONDITIONS = DEBUG;
				SWIFT_OPTIMIZATION_LEVEL = "-Onone";
			};
			name = Debug;
		};
		04B7B89425038D8100F08176 /* Release */ = {
			isa = XCBuildConfiguration;
			buildSettings = {
				ALWAYS_SEARCH_USER_PATHS = NO;
				CLANG_ANALYZER_NONNULL = YES;
				CLANG_ANALYZER_NUMBER_OBJECT_CONVERSION = YES_AGGRESSIVE;
				CLANG_CXX_LANGUAGE_STANDARD = "gnu++14";
				CLANG_CXX_LIBRARY = "libc++";
				CLANG_ENABLE_MODULES = YES;
				CLANG_ENABLE_OBJC_ARC = YES;
				CLANG_ENABLE_OBJC_WEAK = YES;
				CLANG_WARN_BLOCK_CAPTURE_AUTORELEASING = YES;
				CLANG_WARN_BOOL_CONVERSION = YES;
				CLANG_WARN_COMMA = YES;
				CLANG_WARN_CONSTANT_CONVERSION = YES;
				CLANG_WARN_DEPRECATED_OBJC_IMPLEMENTATIONS = YES;
				CLANG_WARN_DIRECT_OBJC_ISA_USAGE = YES_ERROR;
				CLANG_WARN_DOCUMENTATION_COMMENTS = YES;
				CLANG_WARN_EMPTY_BODY = YES;
				CLANG_WARN_ENUM_CONVERSION = YES;
				CLANG_WARN_INFINITE_RECURSION = YES;
				CLANG_WARN_INT_CONVERSION = YES;
				CLANG_WARN_NON_LITERAL_NULL_CONVERSION = YES;
				CLANG_WARN_OBJC_IMPLICIT_RETAIN_SELF = YES;
				CLANG_WARN_OBJC_LITERAL_CONVERSION = YES;
				CLANG_WARN_OBJC_ROOT_CLASS = YES_ERROR;
				CLANG_WARN_RANGE_LOOP_ANALYSIS = YES;
				CLANG_WARN_STRICT_PROTOTYPES = YES;
				CLANG_WARN_SUSPICIOUS_MOVE = YES;
				CLANG_WARN_UNGUARDED_AVAILABILITY = YES_AGGRESSIVE;
				CLANG_WARN_UNREACHABLE_CODE = YES;
				CLANG_WARN__DUPLICATE_METHOD_MATCH = YES;
				COPY_PHASE_STRIP = NO;
				DEBUG_INFORMATION_FORMAT = "dwarf-with-dsym";
				ENABLE_NS_ASSERTIONS = NO;
				ENABLE_STRICT_OBJC_MSGSEND = YES;
				GCC_C_LANGUAGE_STANDARD = gnu11;
				GCC_NO_COMMON_BLOCKS = YES;
				GCC_WARN_64_TO_32_BIT_CONVERSION = YES;
				GCC_WARN_ABOUT_RETURN_TYPE = YES_ERROR;
				GCC_WARN_UNDECLARED_SELECTOR = YES;
				GCC_WARN_UNINITIALIZED_AUTOS = YES_AGGRESSIVE;
				GCC_WARN_UNUSED_FUNCTION = YES;
				GCC_WARN_UNUSED_VARIABLE = YES;
				IPHONEOS_DEPLOYMENT_TARGET = 13.4;
				MTL_ENABLE_DEBUG_INFO = NO;
				MTL_FAST_MATH = YES;
				SDKROOT = iphoneos;
				SWIFT_COMPILATION_MODE = wholemodule;
				SWIFT_OPTIMIZATION_LEVEL = "-O";
				VALIDATE_PRODUCT = YES;
			};
			name = Release;
		};
		04B7B89625038D8100F08176 /* Debug */ = {
			isa = XCBuildConfiguration;
			baseConfigurationReference = 61D354AA4F1BEB975DD9156D /* Pods-TodoList.debug.xcconfig */;
			buildSettings = {
				ASSETCATALOG_COMPILER_APPICON_NAME = AppIcon;
				CODE_SIGN_STYLE = Automatic;
				INFOPLIST_FILE = TodoList/Info.plist;
				LD_RUNPATH_SEARCH_PATHS = (
					"$(inherited)",
					"@executable_path/Frameworks",
				);
				PRODUCT_BUNDLE_IDENTIFIER = com.fullstack.TodoList;
				PRODUCT_NAME = "$(TARGET_NAME)";
				SWIFT_VERSION = 5.0;
				TARGETED_DEVICE_FAMILY = "1,2";
			};
			name = Debug;
		};
		04B7B89725038D8100F08176 /* Release */ = {
			isa = XCBuildConfiguration;
			baseConfigurationReference = 238951522297900688CC543D /* Pods-TodoList.release.xcconfig */;
			buildSettings = {
				ASSETCATALOG_COMPILER_APPICON_NAME = AppIcon;
				CODE_SIGN_STYLE = Automatic;
				INFOPLIST_FILE = TodoList/Info.plist;
				LD_RUNPATH_SEARCH_PATHS = (
					"$(inherited)",
					"@executable_path/Frameworks",
				);
				PRODUCT_BUNDLE_IDENTIFIER = com.fullstack.TodoList;
				PRODUCT_NAME = "$(TARGET_NAME)";
				SWIFT_VERSION = 5.0;
				TARGETED_DEVICE_FAMILY = "1,2";
			};
			name = Release;
		};
		04B7B89925038D8100F08176 /* Debug */ = {
			isa = XCBuildConfiguration;
			buildSettings = {
				ALWAYS_EMBED_SWIFT_STANDARD_LIBRARIES = YES;
				BUNDLE_LOADER = "$(TEST_HOST)";
				CODE_SIGN_STYLE = Automatic;
				INFOPLIST_FILE = TodoListTests/Info.plist;
				IPHONEOS_DEPLOYMENT_TARGET = 13.4;
				LD_RUNPATH_SEARCH_PATHS = (
					"$(inherited)",
					"@executable_path/Frameworks",
					"@loader_path/Frameworks",
				);
				PRODUCT_BUNDLE_IDENTIFIER = com.fullstack.TodoListTests;
				PRODUCT_NAME = "$(TARGET_NAME)";
				SWIFT_VERSION = 5.0;
				TARGETED_DEVICE_FAMILY = "1,2";
				TEST_HOST = "$(BUILT_PRODUCTS_DIR)/TodoList.app/TodoList";
			};
			name = Debug;
		};
		04B7B89A25038D8100F08176 /* Release */ = {
			isa = XCBuildConfiguration;
			buildSettings = {
				ALWAYS_EMBED_SWIFT_STANDARD_LIBRARIES = YES;
				BUNDLE_LOADER = "$(TEST_HOST)";
				CODE_SIGN_STYLE = Automatic;
				INFOPLIST_FILE = TodoListTests/Info.plist;
				IPHONEOS_DEPLOYMENT_TARGET = 13.4;
				LD_RUNPATH_SEARCH_PATHS = (
					"$(inherited)",
					"@executable_path/Frameworks",
					"@loader_path/Frameworks",
				);
				PRODUCT_BUNDLE_IDENTIFIER = com.fullstack.TodoListTests;
				PRODUCT_NAME = "$(TARGET_NAME)";
				SWIFT_VERSION = 5.0;
				TARGETED_DEVICE_FAMILY = "1,2";
				TEST_HOST = "$(BUILT_PRODUCTS_DIR)/TodoList.app/TodoList";
			};
			name = Release;
		};
/* End XCBuildConfiguration section */

/* Begin XCConfigurationList section */
		04B7B87125038D7D00F08176 /* Build configuration list for PBXProject "TodoList" */ = {
			isa = XCConfigurationList;
			buildConfigurations = (
				04B7B89325038D8100F08176 /* Debug */,
				04B7B89425038D8100F08176 /* Release */,
			);
			defaultConfigurationIsVisible = 0;
			defaultConfigurationName = Release;
		};
		04B7B89525038D8100F08176 /* Build configuration list for PBXNativeTarget "TodoList" */ = {
			isa = XCConfigurationList;
			buildConfigurations = (
				04B7B89625038D8100F08176 /* Debug */,
				04B7B89725038D8100F08176 /* Release */,
			);
			defaultConfigurationIsVisible = 0;
			defaultConfigurationName = Release;
		};
		04B7B89825038D8100F08176 /* Build configuration list for PBXNativeTarget "TodoListTests" */ = {
			isa = XCConfigurationList;
			buildConfigurations = (
				04B7B89925038D8100F08176 /* Debug */,
				04B7B89A25038D8100F08176 /* Release */,
			);
			defaultConfigurationIsVisible = 0;
			defaultConfigurationName = Release;
		};
/* End XCConfigurationList section */
	};
	rootObject = 04B7B86E25038D7D00F08176 /* Project object */;
}
